
Microsoft Visual Studio Solution File, Format Version 12.00
# Visual Studio Version 18
VisualStudioVersion = 18.0.11222.15 d18.0
MinimumVisualStudioVersion = 10.0.40219.1
Project("{FAE04EC0-301F-11D3-BF4B-00C04F79EFBC}") = "SGM.WebApp", "src\SGM.WebApp\SGM.WebApp.csproj", "{DAD65B78-A220-4C4F-8CA2-2A9473CF1010}"
EndProject
Global
	GlobalSection(SolutionConfigurationPlatforms) = preSolution
		Debug|Any CPU = Debug|Any CPU
		Release|Any CPU = Release|Any CPU
	EndGlobalSection
	GlobalSection(ProjectConfigurationPlatforms) = postSolution
		{DAD65B78-A220-4C4F-8CA2-2A9473CF1010}.Debug|Any CPU.ActiveCfg = Debug|Any CPU
		{DAD65B78-A220-4C4F-8CA2-2A9473CF1010}.Debug|Any CPU.Build.0 = Debug|Any CPU
		{DAD65B78-A220-4C4F-8CA2-2A9473CF1010}.Release|Any CPU.ActiveCfg = Release|Any CPU
		{DAD65B78-A220-4C4F-8CA2-2A9473CF1010}.Release|Any CPU.Build.0 = Release|Any CPU
	EndGlobalSection
	GlobalSection(SolutionProperties) = preSolution
		HideSolutionNode = FALSE
	EndGlobalSection
	GlobalSection(ExtensibilityGlobals) = postSolution
		SolutionGuid = {BCFE7B81-FD09-47E0-A088-631977A29185}
	EndGlobalSection
EndGlobal
