
Microsoft Visual Studio Solution File, Format Version 12.00
# Visual Studio Version 17
VisualStudioVersion = 17.0.31410.414
MinimumVisualStudioVersion = 10.0.40219.1
Project("{9A19103F-16F7-4668-BE54-9A1E7A4F7556}") = "SGM.WebApp", "src\SGM.WebApp\SGM.WebApp.csproj", "{041590EA-6F5B-48E3-A93F-500E846C6364}"
EndProject
Project("{9A19103F-16F7-4668-BE54-9A1E7A4F7556}") = "SGM.IntegrationTests", "tests\SGM.IntegrationTests\SGM.IntegrationTests.csproj", "{924CBA55-F1B4-436E-951B-A307F890E7CE}"
EndProject
Project("{9A19103F-16F7-4668-BE54-9A1E7A4F7556}") = "SGM.Domain", "src\SGM.Domain\SGM.Domain.csproj", "{68DBFA92-03AB-4B38-80D3-319DF9D0CA8B}"
EndProject
Project("{9A19103F-16F7-4668-BE54-9A1E7A4F7556}") = "SGM.EntityFramework", "src\SGM.EntityFramework\SGM.EntityFramework.csproj", "{572B48A9-6DE9-4617-9E0A-4756738DBC22}"
EndProject
Project("{2150E333-8FDC-42A3-9474-1A3956D46DE8}") = "Tests", "Tests", "{394C224B-A6DF-4988-A196-63F2CC035077}"
EndProject
Project("{2150E333-8FDC-42A3-9474-1A3956D46DE8}") = "Apps", "Apps", "{0E5E8109-D440-4918-863D-342D7691ADC8}"
EndProject
Project("{9A19103F-16F7-4668-BE54-9A1E7A4F7556}") = "SGM.BlogApp", "src\SGM.BlogApp\SGM.BlogApp.csproj", "{552658C8-E28F-484E-8571-F1E59B1B2209}"
EndProject
Project("{2150E333-8FDC-42A3-9474-1A3956D46DE8}") = "Core", "Core", "{E922079F-8980-4288-B89B-E6962EEAD6CC}"
EndProject
Project("{9A19103F-16F7-4668-BE54-9A1E7A4F7556}") = "SGM.Application.Contracts", "src\SGM.Application.Contracts\SGM.Application.Contracts.csproj", "{B4F62CA7-7F76-4905-A3CF-C37564071773}"
EndProject
Project("{9A19103F-16F7-4668-BE54-9A1E7A4F7556}") = "SGM.Application", "src\SGM.Application\SGM.Application.csproj", "{40EA48AB-A784-4E0C-AD39-D19B05448991}"
EndProject
Project("{9A19103F-16F7-4668-BE54-9A1E7A4F7556}") = "SGM.EntityFramework.DbMigrations", "src\SGM.EntityFramework.DbMigrations\SGM.EntityFramework.DbMigrations.csproj", "{0C7F65AA-F269-4BD8-814E-6173AE38B1CB}"
EndProject
Project("{9A19103F-16F7-4668-BE54-9A1E7A4F7556}") = "SGM.DbMigrator", "src\SGM.DbMigrator\SGM.DbMigrator.csproj", "{5C2F9583-C9E5-4578-B807-456A3B5CF8A9}"
EndProject
Global
	GlobalSection(SolutionConfigurationPlatforms) = preSolution
		Debug|Any CPU = Debug|Any CPU
		Release|Any CPU = Release|Any CPU
	EndGlobalSection
	GlobalSection(ProjectConfigurationPlatforms) = postSolution
		{041590EA-6F5B-48E3-A93F-500E846C6364}.Debug|Any CPU.ActiveCfg = Debug|Any CPU
		{041590EA-6F5B-48E3-A93F-500E846C6364}.Debug|Any CPU.Build.0 = Debug|Any CPU
		{041590EA-6F5B-48E3-A93F-500E846C6364}.Release|Any CPU.ActiveCfg = Release|Any CPU
		{041590EA-6F5B-48E3-A93F-500E846C6364}.Release|Any CPU.Build.0 = Release|Any CPU
		{924CBA55-F1B4-436E-951B-A307F890E7CE}.Debug|Any CPU.ActiveCfg = Debug|Any CPU
		{924CBA55-F1B4-436E-951B-A307F890E7CE}.Debug|Any CPU.Build.0 = Debug|Any CPU
		{924CBA55-F1B4-436E-951B-A307F890E7CE}.Release|Any CPU.ActiveCfg = Release|Any CPU
		{924CBA55-F1B4-436E-951B-A307F890E7CE}.Release|Any CPU.Build.0 = Release|Any CPU
		{68DBFA92-03AB-4B38-80D3-319DF9D0CA8B}.Debug|Any CPU.ActiveCfg = Debug|Any CPU
		{68DBFA92-03AB-4B38-80D3-319DF9D0CA8B}.Debug|Any CPU.Build.0 = Debug|Any CPU
		{68DBFA92-03AB-4B38-80D3-319DF9D0CA8B}.Release|Any CPU.ActiveCfg = Release|Any CPU
		{68DBFA92-03AB-4B38-80D3-319DF9D0CA8B}.Release|Any CPU.Build.0 = Release|Any CPU
		{572B48A9-6DE9-4617-9E0A-4756738DBC22}.Debug|Any CPU.ActiveCfg = Debug|Any CPU
		{572B48A9-6DE9-4617-9E0A-4756738DBC22}.Debug|Any CPU.Build.0 = Debug|Any CPU
		{572B48A9-6DE9-4617-9E0A-4756738DBC22}.Release|Any CPU.ActiveCfg = Release|Any CPU
		{572B48A9-6DE9-4617-9E0A-4756738DBC22}.Release|Any CPU.Build.0 = Release|Any CPU
		{552658C8-E28F-484E-8571-F1E59B1B2209}.Debug|Any CPU.ActiveCfg = Debug|Any CPU
		{552658C8-E28F-484E-8571-F1E59B1B2209}.Debug|Any CPU.Build.0 = Debug|Any CPU
		{552658C8-E28F-484E-8571-F1E59B1B2209}.Release|Any CPU.ActiveCfg = Release|Any CPU
		{552658C8-E28F-484E-8571-F1E59B1B2209}.Release|Any CPU.Build.0 = Release|Any CPU
		{B4F62CA7-7F76-4905-A3CF-C37564071773}.Debug|Any CPU.ActiveCfg = Debug|Any CPU
		{B4F62CA7-7F76-4905-A3CF-C37564071773}.Debug|Any CPU.Build.0 = Debug|Any CPU
		{B4F62CA7-7F76-4905-A3CF-C37564071773}.Release|Any CPU.ActiveCfg = Release|Any CPU
		{B4F62CA7-7F76-4905-A3CF-C37564071773}.Release|Any CPU.Build.0 = Release|Any CPU
		{40EA48AB-A784-4E0C-AD39-D19B05448991}.Debug|Any CPU.ActiveCfg = Debug|Any CPU
		{40EA48AB-A784-4E0C-AD39-D19B05448991}.Debug|Any CPU.Build.0 = Debug|Any CPU
		{40EA48AB-A784-4E0C-AD39-D19B05448991}.Release|Any CPU.ActiveCfg = Release|Any CPU
		{40EA48AB-A784-4E0C-AD39-D19B05448991}.Release|Any CPU.Build.0 = Release|Any CPU
		{0C7F65AA-F269-4BD8-814E-6173AE38B1CB}.Debug|Any CPU.ActiveCfg = Debug|Any CPU
		{0C7F65AA-F269-4BD8-814E-6173AE38B1CB}.Debug|Any CPU.Build.0 = Debug|Any CPU
		{0C7F65AA-F269-4BD8-814E-6173AE38B1CB}.Release|Any CPU.ActiveCfg = Release|Any CPU
		{0C7F65AA-F269-4BD8-814E-6173AE38B1CB}.Release|Any CPU.Build.0 = Release|Any CPU
		{5C2F9583-C9E5-4578-B807-456A3B5CF8A9}.Debug|Any CPU.ActiveCfg = Debug|Any CPU
		{5C2F9583-C9E5-4578-B807-456A3B5CF8A9}.Debug|Any CPU.Build.0 = Debug|Any CPU
		{5C2F9583-C9E5-4578-B807-456A3B5CF8A9}.Release|Any CPU.ActiveCfg = Release|Any CPU
		{5C2F9583-C9E5-4578-B807-456A3B5CF8A9}.Release|Any CPU.Build.0 = Release|Any CPU
	EndGlobalSection
	GlobalSection(SolutionProperties) = preSolution
		HideSolutionNode = FALSE
	EndGlobalSection
	GlobalSection(NestedProjects) = preSolution
		{041590EA-6F5B-48E3-A93F-500E846C6364} = {0E5E8109-D440-4918-863D-342D7691ADC8}
		{924CBA55-F1B4-436E-951B-A307F890E7CE} = {394C224B-A6DF-4988-A196-63F2CC035077}
		{68DBFA92-03AB-4B38-80D3-319DF9D0CA8B} = {E922079F-8980-4288-B89B-E6962EEAD6CC}
		{572B48A9-6DE9-4617-9E0A-4756738DBC22} = {E922079F-8980-4288-B89B-E6962EEAD6CC}
		{552658C8-E28F-484E-8571-F1E59B1B2209} = {0E5E8109-D440-4918-863D-342D7691ADC8}
		{B4F62CA7-7F76-4905-A3CF-C37564071773} = {E922079F-8980-4288-B89B-E6962EEAD6CC}
		{40EA48AB-A784-4E0C-AD39-D19B05448991} = {E922079F-8980-4288-B89B-E6962EEAD6CC}
		{0C7F65AA-F269-4BD8-814E-6173AE38B1CB} = {E922079F-8980-4288-B89B-E6962EEAD6CC}
		{5C2F9583-C9E5-4578-B807-456A3B5CF8A9} = {E922079F-8980-4288-B89B-E6962EEAD6CC}
	EndGlobalSection
	GlobalSection(ExtensibilityGlobals) = postSolution
		SolutionGuid = {20D3389A-DDCD-43F4-919C-81E26FF2C100}
	EndGlobalSection
EndGlobal
