
Microsoft Visual Studio Solution File, Format Version 12.00
# Visual Studio Version 16
VisualStudioVersion = 16.0.28729.10
MinimumVisualStudioVersion = 10.0.40219.1
Project("{9A19103F-16F7-4668-BE54-9A1E7A4F7556}") = "SGM.Web", "src\SGM.Web\SGM.Web.csproj", "{041590EA-6F5B-48E3-A93F-500E846C6364}"
EndProject
Project("{9A19103F-16F7-4668-BE54-9A1E7A4F7556}") = "SGM.Infrastructure.Tests", "tests\SGM.Infrastructure.Tests\SGM.Infrastructure.Tests.csproj", "{924CBA55-F1B4-436E-951B-A307F890E7CE}"
EndProject
Project("{9A19103F-16F7-4668-BE54-9A1E7A4F7556}") = "SGM.Domain", "src\SGM.Domain\SGM.Domain.csproj", "{68DBFA92-03AB-4B38-80D3-319DF9D0CA8B}"
EndProject
Project("{9A19103F-16F7-4668-BE54-9A1E7A4F7556}") = "SGM.Infrastructure", "src\SGM.Infrastructure\SGM.Infrastructure.csproj", "{572B48A9-6DE9-4617-9E0A-4756738DBC22}"
EndProject
Project("{2150E333-8FDC-42A3-9474-1A3956D46DE8}") = "Tests", "Tests", "{394C224B-A6DF-4988-A196-63F2CC035077}"
EndProject
Global
	GlobalSection(SolutionConfigurationPlatforms) = preSolution
		Debug|Any CPU = Debug|Any CPU
		Release|Any CPU = Release|Any CPU
	EndGlobalSection
	GlobalSection(ProjectConfigurationPlatforms) = postSolution
		{041590EA-6F5B-48E3-A93F-500E846C6364}.Debug|Any CPU.ActiveCfg = Debug|Any CPU
		{041590EA-6F5B-48E3-A93F-500E846C6364}.Debug|Any CPU.Build.0 = Debug|Any CPU
		{041590EA-6F5B-48E3-A93F-500E846C6364}.Release|Any CPU.ActiveCfg = Release|Any CPU
		{041590EA-6F5B-48E3-A93F-500E846C6364}.Release|Any CPU.Build.0 = Release|Any CPU
		{924CBA55-F1B4-436E-951B-A307F890E7CE}.Debug|Any CPU.ActiveCfg = Debug|Any CPU
		{924CBA55-F1B4-436E-951B-A307F890E7CE}.Debug|Any CPU.Build.0 = Debug|Any CPU
		{924CBA55-F1B4-436E-951B-A307F890E7CE}.Release|Any CPU.ActiveCfg = Release|Any CPU
		{924CBA55-F1B4-436E-951B-A307F890E7CE}.Release|Any CPU.Build.0 = Release|Any CPU
		{68DBFA92-03AB-4B38-80D3-319DF9D0CA8B}.Debug|Any CPU.ActiveCfg = Debug|Any CPU
		{68DBFA92-03AB-4B38-80D3-319DF9D0CA8B}.Debug|Any CPU.Build.0 = Debug|Any CPU
		{68DBFA92-03AB-4B38-80D3-319DF9D0CA8B}.Release|Any CPU.ActiveCfg = Release|Any CPU
		{68DBFA92-03AB-4B38-80D3-319DF9D0CA8B}.Release|Any CPU.Build.0 = Release|Any CPU
		{572B48A9-6DE9-4617-9E0A-4756738DBC22}.Debug|Any CPU.ActiveCfg = Debug|Any CPU
		{572B48A9-6DE9-4617-9E0A-4756738DBC22}.Debug|Any CPU.Build.0 = Debug|Any CPU
		{572B48A9-6DE9-4617-9E0A-4756738DBC22}.Release|Any CPU.ActiveCfg = Release|Any CPU
		{572B48A9-6DE9-4617-9E0A-4756738DBC22}.Release|Any CPU.Build.0 = Release|Any CPU
	EndGlobalSection
	GlobalSection(SolutionProperties) = preSolution
		HideSolutionNode = FALSE
	EndGlobalSection
	GlobalSection(NestedProjects) = preSolution
		{924CBA55-F1B4-436E-951B-A307F890E7CE} = {394C224B-A6DF-4988-A196-63F2CC035077}
	EndGlobalSection
	GlobalSection(ExtensibilityGlobals) = postSolution
		SolutionGuid = {20D3389A-DDCD-43F4-919C-81E26FF2C100}
	EndGlobalSection
EndGlobal
