
Microsoft Visual Studio Solution File, Format Version 12.00
# Visual Studio Version 16
VisualStudioVersion = 16.0.28729.10
MinimumVisualStudioVersion = 10.0.40219.1
Project("{9A19103F-16F7-4668-BE54-9A1E7A4F7556}") = "SuxrobGM_Website", "src\Web\SuxrobGM_Website.csproj", "{041590EA-6F5B-48E3-A93F-500E846C6364}"
EndProject
Project("{FAE04EC0-301F-11D3-BF4B-00C04F79EFBC}") = "SuxrobGM_Website.Test", "src\Test\SuxrobGM_Website.Test.csproj", "{924CBA55-F1B4-436E-951B-A307F890E7CE}"
EndProject
Global
	GlobalSection(SolutionConfigurationPlatforms) = preSolution
		Debug|Any CPU = Debug|Any CPU
		Release|Any CPU = Release|Any CPU
	EndGlobalSection
	GlobalSection(ProjectConfigurationPlatforms) = postSolution
		{041590EA-6F5B-48E3-A93F-500E846C6364}.Debug|Any CPU.ActiveCfg = Debug|Any CPU
		{041590EA-6F5B-48E3-A93F-500E846C6364}.Debug|Any CPU.Build.0 = Debug|Any CPU
		{041590EA-6F5B-48E3-A93F-500E846C6364}.Release|Any CPU.ActiveCfg = Release|Any CPU
		{041590EA-6F5B-48E3-A93F-500E846C6364}.Release|Any CPU.Build.0 = Release|Any CPU
		{924CBA55-F1B4-436E-951B-A307F890E7CE}.Debug|Any CPU.ActiveCfg = Debug|Any CPU
		{924CBA55-F1B4-436E-951B-A307F890E7CE}.Debug|Any CPU.Build.0 = Debug|Any CPU
		{924CBA55-F1B4-436E-951B-A307F890E7CE}.Release|Any CPU.ActiveCfg = Release|Any CPU
		{924CBA55-F1B4-436E-951B-A307F890E7CE}.Release|Any CPU.Build.0 = Release|Any CPU
	EndGlobalSection
	GlobalSection(SolutionProperties) = preSolution
		HideSolutionNode = FALSE
	EndGlobalSection
	GlobalSection(ExtensibilityGlobals) = postSolution
		SolutionGuid = {20D3389A-DDCD-43F4-919C-81E26FF2C100}
	EndGlobalSection
EndGlobal
